
Microsoft Visual Studio Solution File, Format Version 12.00
# Visual Studio 15
VisualStudioVersion = 15.0.28010.2050
MinimumVisualStudioVersion = 10.0.40219.1
Project("{FAE04EC0-301F-11D3-BF4B-00C04F79EFBC}") = "WebProject", "WebProject\WebProject.csproj", "{ABC3B244-400D-479D-861F-DBF8E45010FD}"
EndProject
Global
	GlobalSection(SolutionConfigurationPlatforms) = preSolution
		Debug|Any CPU = Debug|Any CPU
		Release|Any CPU = Release|Any CPU
	EndGlobalSection
	GlobalSection(ProjectConfigurationPlatforms) = postSolution
		{ABC3B244-400D-479D-861F-DBF8E45010FD}.Debug|Any CPU.ActiveCfg = Debug|Any CPU
		{ABC3B244-400D-479D-861F-DBF8E45010FD}.Debug|Any CPU.Build.0 = Debug|Any CPU
		{ABC3B244-400D-479D-861F-DBF8E45010FD}.Release|Any CPU.ActiveCfg = Release|Any CPU
		{ABC3B244-400D-479D-861F-DBF8E45010FD}.Release|Any CPU.Build.0 = Release|Any CPU
	EndGlobalSection
	GlobalSection(SolutionProperties) = preSolution
		HideSolutionNode = FALSE
	EndGlobalSection
	GlobalSection(ExtensibilityGlobals) = postSolution
		SolutionGuid = {2FCF28FC-F4AA-4118-B93B-BE19405B4157}
	EndGlobalSection
EndGlobal
